
Microsoft Visual Studio Solution File, Format Version 12.00
# Visual Studio Version 17
VisualStudioVersion = 17.10.35122.118
MinimumVisualStudioVersion = 10.0.40219.1
Project("{9A19103F-16F7-4668-BE54-9A1E7A4F7556}") = "BusinessLogic", "Business Logic Layer\BusinessLogic.csproj", "{CC597AA9-DBFE-440D-A79A-E20DA9A4FB82}"
EndProject
Project("{9A19103F-16F7-4668-BE54-9A1E7A4F7556}") = "DataAccess", "Data Access Layer\DataAccess.csproj", "{1A6B1669-8977-443C-B639-F825F322ADC4}"
EndProject
Project("{2150E333-8FDC-42A3-9474-1A3956D46DE8}") = "Business Logic Layer", "Business Logic Layer", "{0F877FA3-647F-4342-A241-6B6717C88E28}"
EndProject
Project("{2150E333-8FDC-42A3-9474-1A3956D46DE8}") = "Presentation Layer", "Presentation Layer", "{55BB57F5-01DC-43C2-AA7D-002C4EF6FEA2}"
EndProject
Project("{9A19103F-16F7-4668-BE54-9A1E7A4F7556}") = "ExerciseApi", "ExerciseApi\ExerciseApi.csproj", "{B52621BA-5263-4656-80E3-ADAB69044416}"
EndProject
Project("{2150E333-8FDC-42A3-9474-1A3956D46DE8}") = "Data Access Layer", "Data Access Layer", "{BDE8F000-D9E0-4B54-A394-0C010171C756}"
EndProject
Project("{FAE04EC0-301F-11D3-BF4B-00C04F79EFBC}") = "BusinessLogicTests", "BusinessLogicTests\BusinessLogicTests.csproj", "{BE7F23D5-E7FA-4C29-8BA1-F9C4CAA40B9C}"
EndProject
Global
	GlobalSection(SolutionConfigurationPlatforms) = preSolution
		Debug|Any CPU = Debug|Any CPU
		Release|Any CPU = Release|Any CPU
	EndGlobalSection
	GlobalSection(ProjectConfigurationPlatforms) = postSolution
		{CC597AA9-DBFE-440D-A79A-E20DA9A4FB82}.Debug|Any CPU.ActiveCfg = Debug|Any CPU
		{CC597AA9-DBFE-440D-A79A-E20DA9A4FB82}.Debug|Any CPU.Build.0 = Debug|Any CPU
		{CC597AA9-DBFE-440D-A79A-E20DA9A4FB82}.Release|Any CPU.ActiveCfg = Release|Any CPU
		{CC597AA9-DBFE-440D-A79A-E20DA9A4FB82}.Release|Any CPU.Build.0 = Release|Any CPU
		{1A6B1669-8977-443C-B639-F825F322ADC4}.Debug|Any CPU.ActiveCfg = Debug|Any CPU
		{1A6B1669-8977-443C-B639-F825F322ADC4}.Debug|Any CPU.Build.0 = Debug|Any CPU
		{1A6B1669-8977-443C-B639-F825F322ADC4}.Release|Any CPU.ActiveCfg = Release|Any CPU
		{1A6B1669-8977-443C-B639-F825F322ADC4}.Release|Any CPU.Build.0 = Release|Any CPU
		{B52621BA-5263-4656-80E3-ADAB69044416}.Debug|Any CPU.ActiveCfg = Debug|Any CPU
		{B52621BA-5263-4656-80E3-ADAB69044416}.Debug|Any CPU.Build.0 = Debug|Any CPU
		{B52621BA-5263-4656-80E3-ADAB69044416}.Release|Any CPU.ActiveCfg = Release|Any CPU
		{B52621BA-5263-4656-80E3-ADAB69044416}.Release|Any CPU.Build.0 = Release|Any CPU
		{BE7F23D5-E7FA-4C29-8BA1-F9C4CAA40B9C}.Debug|Any CPU.ActiveCfg = Debug|Any CPU
		{BE7F23D5-E7FA-4C29-8BA1-F9C4CAA40B9C}.Debug|Any CPU.Build.0 = Debug|Any CPU
		{BE7F23D5-E7FA-4C29-8BA1-F9C4CAA40B9C}.Release|Any CPU.ActiveCfg = Release|Any CPU
		{BE7F23D5-E7FA-4C29-8BA1-F9C4CAA40B9C}.Release|Any CPU.Build.0 = Release|Any CPU
	EndGlobalSection
	GlobalSection(SolutionProperties) = preSolution
		HideSolutionNode = FALSE
	EndGlobalSection
	GlobalSection(NestedProjects) = preSolution
		{CC597AA9-DBFE-440D-A79A-E20DA9A4FB82} = {0F877FA3-647F-4342-A241-6B6717C88E28}
		{1A6B1669-8977-443C-B639-F825F322ADC4} = {BDE8F000-D9E0-4B54-A394-0C010171C756}
		{B52621BA-5263-4656-80E3-ADAB69044416} = {55BB57F5-01DC-43C2-AA7D-002C4EF6FEA2}
	EndGlobalSection
	GlobalSection(ExtensibilityGlobals) = postSolution
		SolutionGuid = {4A80BFB9-7888-4193-8548-A334AB0F1649}
	EndGlobalSection
EndGlobal
